// !$*UTF8*$!
{
	archiveVersion = 1;
	classes = {
	};
	objectVersion = 50;
	objects = {

/* Begin PBXBuildFile section */
		858423C952CEEEC1D83F763F /* libPods-Reciplease.a in Frameworks */ = {isa = PBXBuildFile; fileRef = A08DF0DB3A52CA7BF0F73FCA /* libPods-Reciplease.a */; };
		AC0A6F3D235F5E8700C9B026 /* Model.xcdatamodeld in Sources */ = {isa = PBXBuildFile; fileRef = AC0A6F3B235F5E8700C9B026 /* Model.xcdatamodeld */; };
		AC18B6D82369DCAC003002B9 /* JSONBodyEncoder.swift in Sources */ = {isa = PBXBuildFile; fileRef = AC18B6D72369DCAC003002B9 /* JSONBodyEncoder.swift */; };
		AC18B6DC2369DCF2003002B9 /* ExecutableRequest.swift in Sources */ = {isa = PBXBuildFile; fileRef = AC18B6DB2369DCF2003002B9 /* ExecutableRequest.swift */; };
		AC18B6DE2369DD69003002B9 /* HTTPEngine.swift in Sources */ = {isa = PBXBuildFile; fileRef = AC18B6DD2369DD69003002B9 /* HTTPEngine.swift */; };
		AC18B6E12369DD9D003002B9 /* URLSessionEngine.swift in Sources */ = {isa = PBXBuildFile; fileRef = AC18B6E02369DD9D003002B9 /* URLSessionEngine.swift */; };
		AC18B6E32369DDC9003002B9 /* RequestCancelationToken.swift in Sources */ = {isa = PBXBuildFile; fileRef = AC18B6E22369DDC9003002B9 /* RequestCancelationToken.swift */; };
		AC18B6E52369DE33003002B9 /* HTTPClient.swift in Sources */ = {isa = PBXBuildFile; fileRef = AC18B6E42369DE33003002B9 /* HTTPClient.swift */; };
		AC18B6E72369DE51003002B9 /* HTTPResponse.swift in Sources */ = {isa = PBXBuildFile; fileRef = AC18B6E62369DE51003002B9 /* HTTPResponse.swift */; };
		AC18B6E92369DE6C003002B9 /* HTTPRequest.swift in Sources */ = {isa = PBXBuildFile; fileRef = AC18B6E82369DE6C003002B9 /* HTTPRequest.swift */; };
		AC18B6EB2369DE95003002B9 /* URLRequestBuilder.swift in Sources */ = {isa = PBXBuildFile; fileRef = AC18B6EA2369DE95003002B9 /* URLRequestBuilder.swift */; };
		AC18B6ED2369DEBB003002B9 /* ExecutableDownloadRequest.swift in Sources */ = {isa = PBXBuildFile; fileRef = AC18B6EC2369DEBB003002B9 /* ExecutableDownloadRequest.swift */; };
		AC18B6EF2369DED6003002B9 /* Endpoint.swift in Sources */ = {isa = PBXBuildFile; fileRef = AC18B6EE2369DED6003002B9 /* Endpoint.swift */; };
		AC18B6F12369DEEB003002B9 /* Promise.swift in Sources */ = {isa = PBXBuildFile; fileRef = AC18B6F02369DEEB003002B9 /* Promise.swift */; };
		AC18B6FF236AFED8003002B9 /* FavoriteRecipe+CoreDataClass.swift in Sources */ = {isa = PBXBuildFile; fileRef = AC18B6FD236AFED8003002B9 /* FavoriteRecipe+CoreDataClass.swift */; };
		AC23C8F523438F4B004939F6 /* Alert.swift in Sources */ = {isa = PBXBuildFile; fileRef = AC23C8F423438F4B004939F6 /* Alert.swift */; };
		AC4C7FA5236836CF00F7CC89 /* Context.swift in Sources */ = {isa = PBXBuildFile; fileRef = AC4C7FA4236836CF00F7CC89 /* Context.swift */; };
		AC981DC5234CF42F007399BE /* ListingViewController.swift in Sources */ = {isa = PBXBuildFile; fileRef = AC981DC4234CF42F007399BE /* ListingViewController.swift */; };
		AC981DC8234CF4B7007399BE /* ListingViewModel.swift in Sources */ = {isa = PBXBuildFile; fileRef = AC981DC7234CF4B7007399BE /* ListingViewModel.swift */; };
		AC981DCE234CF735007399BE /* RecipeDataSource.swift in Sources */ = {isa = PBXBuildFile; fileRef = AC981DCD234CF735007399BE /* RecipeDataSource.swift */; };
		AC981DD0234CFF8B007399BE /* ListingDataSource.swift in Sources */ = {isa = PBXBuildFile; fileRef = AC981DCF234CFF8B007399BE /* ListingDataSource.swift */; };
		AC981DD2234D0108007399BE /* SearchDataSource.swift in Sources */ = {isa = PBXBuildFile; fileRef = AC981DD1234D0108007399BE /* SearchDataSource.swift */; };
		AC981DD4234D0127007399BE /* SearchTableViewCell.swift in Sources */ = {isa = PBXBuildFile; fileRef = AC981DD3234D0127007399BE /* SearchTableViewCell.swift */; };
		AC981DD7234D0615007399BE /* RecipeTableViewCell.swift in Sources */ = {isa = PBXBuildFile; fileRef = AC981DD6234D0615007399BE /* RecipeTableViewCell.swift */; };
		AC981DDA234D07EC007399BE /* ListingTableViewCell.swift in Sources */ = {isa = PBXBuildFile; fileRef = AC981DD9234D07EC007399BE /* ListingTableViewCell.swift */; };
		ACC3CA64234D08D700DE7ACC /* ListingRepository.swift in Sources */ = {isa = PBXBuildFile; fileRef = ACC3CA63234D08D700DE7ACC /* ListingRepository.swift */; };
		ACD31EF023435A6D0053EFEC /* AppDelegate.swift in Sources */ = {isa = PBXBuildFile; fileRef = ACD31EEF23435A6D0053EFEC /* AppDelegate.swift */; };
		ACD31EF223435A6D0053EFEC /* SceneDelegate.swift in Sources */ = {isa = PBXBuildFile; fileRef = ACD31EF123435A6D0053EFEC /* SceneDelegate.swift */; };
		ACD31EF723435A6D0053EFEC /* Main.storyboard in Resources */ = {isa = PBXBuildFile; fileRef = ACD31EF523435A6D0053EFEC /* Main.storyboard */; };
		ACD31EFC23435A6F0053EFEC /* Assets.xcassets in Resources */ = {isa = PBXBuildFile; fileRef = ACD31EFB23435A6F0053EFEC /* Assets.xcassets */; };
		ACD31EFF23435A6F0053EFEC /* LaunchScreen.storyboard in Resources */ = {isa = PBXBuildFile; fileRef = ACD31EFD23435A6F0053EFEC /* LaunchScreen.storyboard */; };
		ACD31F0A23435A700053EFEC /* RecipleaseTests.swift in Sources */ = {isa = PBXBuildFile; fileRef = ACD31F0923435A700053EFEC /* RecipleaseTests.swift */; };
		ACD31F1523435E330053EFEC /* AppCoordinator.swift in Sources */ = {isa = PBXBuildFile; fileRef = ACD31F1423435E330053EFEC /* AppCoordinator.swift */; };
		ACD31F1723435F220053EFEC /* TabCoordinator.swift in Sources */ = {isa = PBXBuildFile; fileRef = ACD31F1623435F220053EFEC /* TabCoordinator.swift */; };
		ACD31F1923435F840053EFEC /* SearchCoordinator.swift in Sources */ = {isa = PBXBuildFile; fileRef = ACD31F1823435F840053EFEC /* SearchCoordinator.swift */; };
		ACD31F1C23435FA10053EFEC /* FavoriteCoordinator.swift in Sources */ = {isa = PBXBuildFile; fileRef = ACD31F1B23435FA10053EFEC /* FavoriteCoordinator.swift */; };
		ACD31F1F234360A00053EFEC /* Screens.swift in Sources */ = {isa = PBXBuildFile; fileRef = ACD31F1E234360A00053EFEC /* Screens.swift */; };
		ACD31F212343685C0053EFEC /* SearchViewController.swift in Sources */ = {isa = PBXBuildFile; fileRef = ACD31F202343685C0053EFEC /* SearchViewController.swift */; };
		ACD31F23234369220053EFEC /* SearchViewModel.swift in Sources */ = {isa = PBXBuildFile; fileRef = ACD31F22234369220053EFEC /* SearchViewModel.swift */; };
		ACD31F27234378E80053EFEC /* RecipeViewController.swift in Sources */ = {isa = PBXBuildFile; fileRef = ACD31F26234378E80053EFEC /* RecipeViewController.swift */; };
		ACD31F292343794A0053EFEC /* RecipeViewModel.swift in Sources */ = {isa = PBXBuildFile; fileRef = ACD31F282343794A0053EFEC /* RecipeViewModel.swift */; };
		ACF4273A234F560C009A92FC /* RecipeResponse.swift in Sources */ = {isa = PBXBuildFile; fileRef = ACF42739234F560C009A92FC /* RecipeResponse.swift */; };
		ACFE68832359BE1E00F89BF4 /* ImageRepository.swift in Sources */ = {isa = PBXBuildFile; fileRef = ACFE68822359BE1E00F89BF4 /* ImageRepository.swift */; };
		ACFE68862359C8E100F89BF4 /* ImageProvider.swift in Sources */ = {isa = PBXBuildFile; fileRef = ACFE68852359C8E100F89BF4 /* ImageProvider.swift */; };
		E683027FD8275ABB28510CB9 /* libPods-RecipleaseTests.a in Frameworks */ = {isa = PBXBuildFile; fileRef = 7BC86D548698B55D16901A04 /* libPods-RecipleaseTests.a */; };
/* End PBXBuildFile section */

/* Begin PBXContainerItemProxy section */
		ACD31F0623435A700053EFEC /* PBXContainerItemProxy */ = {
			isa = PBXContainerItemProxy;
			containerPortal = ACD31EE423435A6D0053EFEC /* Project object */;
			proxyType = 1;
			remoteGlobalIDString = ACD31EEB23435A6D0053EFEC;
			remoteInfo = Reciplease;
		};
/* End PBXContainerItemProxy section */

/* Begin PBXFileReference section */
		7BC86D548698B55D16901A04 /* libPods-RecipleaseTests.a */ = {isa = PBXFileReference; explicitFileType = archive.ar; includeInIndex = 0; path = "libPods-RecipleaseTests.a"; sourceTree = BUILT_PRODUCTS_DIR; };
		87C5B580F14EBEC02F03C560 /* Pods-RecipleaseTests.release.xcconfig */ = {isa = PBXFileReference; includeInIndex = 1; lastKnownFileType = text.xcconfig; name = "Pods-RecipleaseTests.release.xcconfig"; path = "Target Support Files/Pods-RecipleaseTests/Pods-RecipleaseTests.release.xcconfig"; sourceTree = "<group>"; };
		A08DF0DB3A52CA7BF0F73FCA /* libPods-Reciplease.a */ = {isa = PBXFileReference; explicitFileType = archive.ar; includeInIndex = 0; path = "libPods-Reciplease.a"; sourceTree = BUILT_PRODUCTS_DIR; };
		AC0A6F3C235F5E8700C9B026 /* Model.xcdatamodel */ = {isa = PBXFileReference; lastKnownFileType = wrapper.xcdatamodel; path = Model.xcdatamodel; sourceTree = "<group>"; };
		AC18B6D72369DCAC003002B9 /* JSONBodyEncoder.swift */ = {isa = PBXFileReference; lastKnownFileType = sourcecode.swift; path = JSONBodyEncoder.swift; sourceTree = "<group>"; };
		AC18B6DB2369DCF2003002B9 /* ExecutableRequest.swift */ = {isa = PBXFileReference; lastKnownFileType = sourcecode.swift; path = ExecutableRequest.swift; sourceTree = "<group>"; };
		AC18B6DD2369DD69003002B9 /* HTTPEngine.swift */ = {isa = PBXFileReference; lastKnownFileType = sourcecode.swift; path = HTTPEngine.swift; sourceTree = "<group>"; };
		AC18B6E02369DD9D003002B9 /* URLSessionEngine.swift */ = {isa = PBXFileReference; lastKnownFileType = sourcecode.swift; path = URLSessionEngine.swift; sourceTree = "<group>"; };
		AC18B6E22369DDC9003002B9 /* RequestCancelationToken.swift */ = {isa = PBXFileReference; lastKnownFileType = sourcecode.swift; path = RequestCancelationToken.swift; sourceTree = "<group>"; };
		AC18B6E42369DE33003002B9 /* HTTPClient.swift */ = {isa = PBXFileReference; lastKnownFileType = sourcecode.swift; path = HTTPClient.swift; sourceTree = "<group>"; };
		AC18B6E62369DE51003002B9 /* HTTPResponse.swift */ = {isa = PBXFileReference; lastKnownFileType = sourcecode.swift; path = HTTPResponse.swift; sourceTree = "<group>"; };
		AC18B6E82369DE6C003002B9 /* HTTPRequest.swift */ = {isa = PBXFileReference; lastKnownFileType = sourcecode.swift; path = HTTPRequest.swift; sourceTree = "<group>"; };
		AC18B6EA2369DE95003002B9 /* URLRequestBuilder.swift */ = {isa = PBXFileReference; lastKnownFileType = sourcecode.swift; path = URLRequestBuilder.swift; sourceTree = "<group>"; };
		AC18B6EC2369DEBB003002B9 /* ExecutableDownloadRequest.swift */ = {isa = PBXFileReference; lastKnownFileType = sourcecode.swift; path = ExecutableDownloadRequest.swift; sourceTree = "<group>"; };
		AC18B6EE2369DED6003002B9 /* Endpoint.swift */ = {isa = PBXFileReference; lastKnownFileType = sourcecode.swift; path = Endpoint.swift; sourceTree = "<group>"; };
		AC18B6F02369DEEB003002B9 /* Promise.swift */ = {isa = PBXFileReference; lastKnownFileType = sourcecode.swift; path = Promise.swift; sourceTree = "<group>"; };
		AC18B6FD236AFED8003002B9 /* FavoriteRecipe+CoreDataClass.swift */ = {isa = PBXFileReference; fileEncoding = 4; lastKnownFileType = sourcecode.swift; path = "FavoriteRecipe+CoreDataClass.swift"; sourceTree = "<group>"; };
		AC23C8F423438F4B004939F6 /* Alert.swift */ = {isa = PBXFileReference; lastKnownFileType = sourcecode.swift; path = Alert.swift; sourceTree = "<group>"; };
		AC4C7FA4236836CF00F7CC89 /* Context.swift */ = {isa = PBXFileReference; lastKnownFileType = sourcecode.swift; path = Context.swift; sourceTree = "<group>"; };
		AC981DC4234CF42F007399BE /* ListingViewController.swift */ = {isa = PBXFileReference; lastKnownFileType = sourcecode.swift; path = ListingViewController.swift; sourceTree = "<group>"; };
		AC981DC7234CF4B7007399BE /* ListingViewModel.swift */ = {isa = PBXFileReference; lastKnownFileType = sourcecode.swift; name = ListingViewModel.swift; path = Reciplease/Listing/ListingViewModel.swift; sourceTree = SOURCE_ROOT; };
		AC981DCD234CF735007399BE /* RecipeDataSource.swift */ = {isa = PBXFileReference; lastKnownFileType = sourcecode.swift; path = RecipeDataSource.swift; sourceTree = "<group>"; };
		AC981DCF234CFF8B007399BE /* ListingDataSource.swift */ = {isa = PBXFileReference; lastKnownFileType = sourcecode.swift; path = ListingDataSource.swift; sourceTree = "<group>"; };
		AC981DD1234D0108007399BE /* SearchDataSource.swift */ = {isa = PBXFileReference; lastKnownFileType = sourcecode.swift; name = SearchDataSource.swift; path = Reciplease/Search/SearchDataSource.swift; sourceTree = SOURCE_ROOT; };
		AC981DD3234D0127007399BE /* SearchTableViewCell.swift */ = {isa = PBXFileReference; lastKnownFileType = sourcecode.swift; path = SearchTableViewCell.swift; sourceTree = "<group>"; };
		AC981DD6234D0615007399BE /* RecipeTableViewCell.swift */ = {isa = PBXFileReference; lastKnownFileType = sourcecode.swift; path = RecipeTableViewCell.swift; sourceTree = "<group>"; };
		AC981DD9234D07EC007399BE /* ListingTableViewCell.swift */ = {isa = PBXFileReference; lastKnownFileType = sourcecode.swift; path = ListingTableViewCell.swift; sourceTree = "<group>"; };
		ACC3CA63234D08D700DE7ACC /* ListingRepository.swift */ = {isa = PBXFileReference; lastKnownFileType = sourcecode.swift; path = ListingRepository.swift; sourceTree = "<group>"; };
		ACD31EEC23435A6D0053EFEC /* Reciplease.app */ = {isa = PBXFileReference; explicitFileType = wrapper.application; includeInIndex = 0; path = Reciplease.app; sourceTree = BUILT_PRODUCTS_DIR; };
		ACD31EEF23435A6D0053EFEC /* AppDelegate.swift */ = {isa = PBXFileReference; lastKnownFileType = sourcecode.swift; path = AppDelegate.swift; sourceTree = "<group>"; };
		ACD31EF123435A6D0053EFEC /* SceneDelegate.swift */ = {isa = PBXFileReference; lastKnownFileType = sourcecode.swift; path = SceneDelegate.swift; sourceTree = "<group>"; };
		ACD31EF623435A6D0053EFEC /* Base */ = {isa = PBXFileReference; lastKnownFileType = file.storyboard; name = Base; path = Base.lproj/Main.storyboard; sourceTree = "<group>"; };
		ACD31EFB23435A6F0053EFEC /* Assets.xcassets */ = {isa = PBXFileReference; lastKnownFileType = folder.assetcatalog; path = Assets.xcassets; sourceTree = "<group>"; };
		ACD31EFE23435A6F0053EFEC /* Base */ = {isa = PBXFileReference; lastKnownFileType = file.storyboard; name = Base; path = Base.lproj/LaunchScreen.storyboard; sourceTree = "<group>"; };
		ACD31F0023435A6F0053EFEC /* Info.plist */ = {isa = PBXFileReference; lastKnownFileType = text.plist.xml; path = Info.plist; sourceTree = "<group>"; };
		ACD31F0523435A700053EFEC /* RecipleaseTests.xctest */ = {isa = PBXFileReference; explicitFileType = wrapper.cfbundle; includeInIndex = 0; path = RecipleaseTests.xctest; sourceTree = BUILT_PRODUCTS_DIR; };
		ACD31F0923435A700053EFEC /* RecipleaseTests.swift */ = {isa = PBXFileReference; lastKnownFileType = sourcecode.swift; path = RecipleaseTests.swift; sourceTree = "<group>"; };
		ACD31F0B23435A700053EFEC /* Info.plist */ = {isa = PBXFileReference; lastKnownFileType = text.plist.xml; path = Info.plist; sourceTree = "<group>"; };
		ACD31F1423435E330053EFEC /* AppCoordinator.swift */ = {isa = PBXFileReference; lastKnownFileType = sourcecode.swift; path = AppCoordinator.swift; sourceTree = "<group>"; };
		ACD31F1623435F220053EFEC /* TabCoordinator.swift */ = {isa = PBXFileReference; lastKnownFileType = sourcecode.swift; path = TabCoordinator.swift; sourceTree = "<group>"; };
		ACD31F1823435F840053EFEC /* SearchCoordinator.swift */ = {isa = PBXFileReference; lastKnownFileType = sourcecode.swift; path = SearchCoordinator.swift; sourceTree = "<group>"; };
		ACD31F1B23435FA10053EFEC /* FavoriteCoordinator.swift */ = {isa = PBXFileReference; lastKnownFileType = sourcecode.swift; path = FavoriteCoordinator.swift; sourceTree = "<group>"; };
		ACD31F1E234360A00053EFEC /* Screens.swift */ = {isa = PBXFileReference; lastKnownFileType = sourcecode.swift; name = Screens.swift; path = Reciplease/Screens.swift; sourceTree = SOURCE_ROOT; };
		ACD31F202343685C0053EFEC /* SearchViewController.swift */ = {isa = PBXFileReference; lastKnownFileType = sourcecode.swift; path = SearchViewController.swift; sourceTree = "<group>"; };
		ACD31F22234369220053EFEC /* SearchViewModel.swift */ = {isa = PBXFileReference; lastKnownFileType = sourcecode.swift; path = SearchViewModel.swift; sourceTree = "<group>"; };
		ACD31F26234378E80053EFEC /* RecipeViewController.swift */ = {isa = PBXFileReference; lastKnownFileType = sourcecode.swift; path = RecipeViewController.swift; sourceTree = "<group>"; };
		ACD31F282343794A0053EFEC /* RecipeViewModel.swift */ = {isa = PBXFileReference; lastKnownFileType = sourcecode.swift; path = RecipeViewModel.swift; sourceTree = "<group>"; };
		ACF42739234F560C009A92FC /* RecipeResponse.swift */ = {isa = PBXFileReference; lastKnownFileType = sourcecode.swift; path = RecipeResponse.swift; sourceTree = "<group>"; };
		ACFE68822359BE1E00F89BF4 /* ImageRepository.swift */ = {isa = PBXFileReference; lastKnownFileType = sourcecode.swift; path = ImageRepository.swift; sourceTree = "<group>"; };
		ACFE68852359C8E100F89BF4 /* ImageProvider.swift */ = {isa = PBXFileReference; lastKnownFileType = sourcecode.swift; path = ImageProvider.swift; sourceTree = "<group>"; };
		D6FEA6CE1E31FC103E22A33A /* Pods-RecipleaseTests.debug.xcconfig */ = {isa = PBXFileReference; includeInIndex = 1; lastKnownFileType = text.xcconfig; name = "Pods-RecipleaseTests.debug.xcconfig"; path = "Target Support Files/Pods-RecipleaseTests/Pods-RecipleaseTests.debug.xcconfig"; sourceTree = "<group>"; };
		E27F0B6DF164B8CB23695363 /* Pods-Reciplease.debug.xcconfig */ = {isa = PBXFileReference; includeInIndex = 1; lastKnownFileType = text.xcconfig; name = "Pods-Reciplease.debug.xcconfig"; path = "Target Support Files/Pods-Reciplease/Pods-Reciplease.debug.xcconfig"; sourceTree = "<group>"; };
		E2FE9B389D3C84AA14E14B28 /* Pods-Reciplease.release.xcconfig */ = {isa = PBXFileReference; includeInIndex = 1; lastKnownFileType = text.xcconfig; name = "Pods-Reciplease.release.xcconfig"; path = "Target Support Files/Pods-Reciplease/Pods-Reciplease.release.xcconfig"; sourceTree = "<group>"; };
/* End PBXFileReference section */

/* Begin PBXFrameworksBuildPhase section */
		ACD31EE923435A6D0053EFEC /* Frameworks */ = {
			isa = PBXFrameworksBuildPhase;
			buildActionMask = 2147483647;
			files = (
				858423C952CEEEC1D83F763F /* libPods-Reciplease.a in Frameworks */,
			);
			runOnlyForDeploymentPostprocessing = 0;
		};
		ACD31F0223435A700053EFEC /* Frameworks */ = {
			isa = PBXFrameworksBuildPhase;
			buildActionMask = 2147483647;
			files = (
				E683027FD8275ABB28510CB9 /* libPods-RecipleaseTests.a in Frameworks */,
			);
			runOnlyForDeploymentPostprocessing = 0;
		};
/* End PBXFrameworksBuildPhase section */

/* Begin PBXGroup section */
		7D6B53BA7BB45819BB691F18 /* Frameworks */ = {
			isa = PBXGroup;
			children = (
				A08DF0DB3A52CA7BF0F73FCA /* libPods-Reciplease.a */,
				7BC86D548698B55D16901A04 /* libPods-RecipleaseTests.a */,
			);
			name = Frameworks;
			sourceTree = "<group>";
		};
		AC18B6D92369DCBD003002B9 /* Network Bertrand */ = {
			isa = PBXGroup;
			children = (
				AC18B6DA2369DCD5003002B9 /* Request Encoding */,
				AC18B6DF2369DD76003002B9 /* Engine */,
				AC18B6E42369DE33003002B9 /* HTTPClient.swift */,
				AC18B6E62369DE51003002B9 /* HTTPResponse.swift */,
				AC18B6E82369DE6C003002B9 /* HTTPRequest.swift */,
				AC18B6EA2369DE95003002B9 /* URLRequestBuilder.swift */,
				AC18B6DB2369DCF2003002B9 /* ExecutableRequest.swift */,
				AC18B6EC2369DEBB003002B9 /* ExecutableDownloadRequest.swift */,
				AC18B6EE2369DED6003002B9 /* Endpoint.swift */,
				AC18B6F02369DEEB003002B9 /* Promise.swift */,
			);
			path = "Network Bertrand";
			sourceTree = "<group>";
		};
		AC18B6DA2369DCD5003002B9 /* Request Encoding */ = {
			isa = PBXGroup;
			children = (
				AC18B6D72369DCAC003002B9 /* JSONBodyEncoder.swift */,
			);
			path = "Request Encoding";
			sourceTree = "<group>";
		};
		AC18B6DF2369DD76003002B9 /* Engine */ = {
			isa = PBXGroup;
			children = (
				AC18B6DD2369DD69003002B9 /* HTTPEngine.swift */,
				AC18B6E02369DD9D003002B9 /* URLSessionEngine.swift */,
				AC18B6E22369DDC9003002B9 /* RequestCancelationToken.swift */,
			);
			path = Engine;
			sourceTree = "<group>";
		};
		AC18B6F2236AFC10003002B9 /* Model */ = {
			isa = PBXGroup;
			children = (
				ACF42739234F560C009A92FC /* RecipeResponse.swift */,
			);
			path = Model;
			sourceTree = "<group>";
		};
		AC18B6F7236AFE45003002B9 /* Data */ = {
			isa = PBXGroup;
			children = (
				AC18B6FD236AFED8003002B9 /* FavoriteRecipe+CoreDataClass.swift */,
			);
			path = Data;
			sourceTree = "<group>";
		};
		AC23C8F623438F57004939F6 /* Alerts */ = {
			isa = PBXGroup;
			children = (
				AC23C8F423438F4B004939F6 /* Alert.swift */,
			);
			path = Alerts;
			sourceTree = "<group>";
		};
		AC93767F2343B68E00BC152A /* Network */ = {
			isa = PBXGroup;
			children = (
				AC18B6D92369DCBD003002B9 /* Network Bertrand */,
			);
			path = Network;
			sourceTree = "<group>";
		};
		AC981DC6234CF43D007399BE /* Listing */ = {
			isa = PBXGroup;
			children = (
				AC18B6F2236AFC10003002B9 /* Model */,
				ACC3CA62234D08B400DE7ACC /* Cell */,
				AC981DC4234CF42F007399BE /* ListingViewController.swift */,
				AC981DCF234CFF8B007399BE /* ListingDataSource.swift */,
				AC981DC7234CF4B7007399BE /* ListingViewModel.swift */,
				ACC3CA63234D08D700DE7ACC /* ListingRepository.swift */,
			);
			path = Listing;
			sourceTree = "<group>";
		};
		AC981DD5234D012C007399BE /* Cell */ = {
			isa = PBXGroup;
			children = (
				AC981DD3234D0127007399BE /* SearchTableViewCell.swift */,
			);
			path = Cell;
			sourceTree = "<group>";
		};
		AC981DD8234D061F007399BE /* Cell */ = {
			isa = PBXGroup;
			children = (
				AC981DD6234D0615007399BE /* RecipeTableViewCell.swift */,
			);
			path = Cell;
			sourceTree = "<group>";
		};
		ACA92DC8237B08B0001512AA /* Web View */ = {
			isa = PBXGroup;
			children = (
			);
			path = "Web View";
			sourceTree = "<group>";
		};
		ACC3CA62234D08B400DE7ACC /* Cell */ = {
			isa = PBXGroup;
			children = (
				AC981DD9234D07EC007399BE /* ListingTableViewCell.swift */,
			);
			path = Cell;
			sourceTree = "<group>";
		};
		ACD31EE323435A6D0053EFEC = {
			isa = PBXGroup;
			children = (
				ACD31EEE23435A6D0053EFEC /* Reciplease */,
				ACD31F0823435A700053EFEC /* RecipleaseTests */,
				ACD31EED23435A6D0053EFEC /* Products */,
				DB6F471815435244EE86404E /* Pods */,
				7D6B53BA7BB45819BB691F18 /* Frameworks */,
			);
			sourceTree = "<group>";
		};
		ACD31EED23435A6D0053EFEC /* Products */ = {
			isa = PBXGroup;
			children = (
				ACD31EEC23435A6D0053EFEC /* Reciplease.app */,
				ACD31F0523435A700053EFEC /* RecipleaseTests.xctest */,
			);
			name = Products;
			sourceTree = "<group>";
		};
		ACD31EEE23435A6D0053EFEC /* Reciplease */ = {
			isa = PBXGroup;
			children = (
				ACD31EF523435A6D0053EFEC /* Main.storyboard */,
				ACD31EEF23435A6D0053EFEC /* AppDelegate.swift */,
				ACD31EF123435A6D0053EFEC /* SceneDelegate.swift */,
				AC0A6F3B235F5E8700C9B026 /* Model.xcdatamodeld */,
				ACD31F1423435E330053EFEC /* AppCoordinator.swift */,
				ACD31F1623435F220053EFEC /* TabCoordinator.swift */,
				ACD31F1E234360A00053EFEC /* Screens.swift */,
				AC4C7FA4236836CF00F7CC89 /* Context.swift */,
				AC18B6F7236AFE45003002B9 /* Data */,
				ACD31F1A23435F8E0053EFEC /* Search */,
				AC981DC6234CF43D007399BE /* Listing */,
				ACD31F1D23435FC50053EFEC /* Recipe */,
				ACD6B8E7234CEDCF0071473F /* Coordinators */,
				ACFE68842359BE2300F89BF4 /* Images */,
				AC93767F2343B68E00BC152A /* Network */,
				AC23C8F623438F57004939F6 /* Alerts */,
				ACD31EFB23435A6F0053EFEC /* Assets.xcassets */,
				ACD31EFD23435A6F0053EFEC /* LaunchScreen.storyboard */,
				ACD31F0023435A6F0053EFEC /* Info.plist */,
			);
			path = Reciplease;
			sourceTree = "<group>";
		};
		ACD31F0823435A700053EFEC /* RecipleaseTests */ = {
			isa = PBXGroup;
			children = (
				ACD31F0923435A700053EFEC /* RecipleaseTests.swift */,
				ACD31F0B23435A700053EFEC /* Info.plist */,
			);
			path = RecipleaseTests;
			sourceTree = "<group>";
		};
		ACD31F1A23435F8E0053EFEC /* Search */ = {
			isa = PBXGroup;
			children = (
				AC981DD5234D012C007399BE /* Cell */,
				ACD31F202343685C0053EFEC /* SearchViewController.swift */,
				ACD31F22234369220053EFEC /* SearchViewModel.swift */,
				AC981DD1234D0108007399BE /* SearchDataSource.swift */,
			);
			path = Search;
			sourceTree = "<group>";
		};
		ACD31F1D23435FC50053EFEC /* Recipe */ = {
			isa = PBXGroup;
			children = (
				ACA92DC8237B08B0001512AA /* Web View */,
				AC981DD8234D061F007399BE /* Cell */,
				ACD31F26234378E80053EFEC /* RecipeViewController.swift */,
				ACD31F282343794A0053EFEC /* RecipeViewModel.swift */,
				AC981DCD234CF735007399BE /* RecipeDataSource.swift */,
			);
			path = Recipe;
			sourceTree = "<group>";
		};
		ACD6B8E7234CEDCF0071473F /* Coordinators */ = {
			isa = PBXGroup;
			children = (
				ACD31F1B23435FA10053EFEC /* FavoriteCoordinator.swift */,
				ACD31F1823435F840053EFEC /* SearchCoordinator.swift */,
			);
			path = Coordinators;
			sourceTree = "<group>";
		};
		ACFE68842359BE2300F89BF4 /* Images */ = {
			isa = PBXGroup;
			children = (
				ACFE68852359C8E100F89BF4 /* ImageProvider.swift */,
				ACFE68822359BE1E00F89BF4 /* ImageRepository.swift */,
			);
			path = Images;
			sourceTree = "<group>";
		};
		DB6F471815435244EE86404E /* Pods */ = {
			isa = PBXGroup;
			children = (
				E27F0B6DF164B8CB23695363 /* Pods-Reciplease.debug.xcconfig */,
				E2FE9B389D3C84AA14E14B28 /* Pods-Reciplease.release.xcconfig */,
				D6FEA6CE1E31FC103E22A33A /* Pods-RecipleaseTests.debug.xcconfig */,
				87C5B580F14EBEC02F03C560 /* Pods-RecipleaseTests.release.xcconfig */,
			);
			path = Pods;
			sourceTree = "<group>";
		};
/* End PBXGroup section */

/* Begin PBXNativeTarget section */
		ACD31EEB23435A6D0053EFEC /* Reciplease */ = {
			isa = PBXNativeTarget;
			buildConfigurationList = ACD31F0E23435A700053EFEC /* Build configuration list for PBXNativeTarget "Reciplease" */;
			buildPhases = (
				72850152985A035B093B2958 /* [CP] Check Pods Manifest.lock */,
				ACD31EE823435A6D0053EFEC /* Sources */,
				ACD31EE923435A6D0053EFEC /* Frameworks */,
				ACD31EEA23435A6D0053EFEC /* Resources */,
			);
			buildRules = (
			);
			dependencies = (
			);
			name = Reciplease;
			productName = Reciplease;
			productReference = ACD31EEC23435A6D0053EFEC /* Reciplease.app */;
			productType = "com.apple.product-type.application";
		};
		ACD31F0423435A700053EFEC /* RecipleaseTests */ = {
			isa = PBXNativeTarget;
			buildConfigurationList = ACD31F1123435A700053EFEC /* Build configuration list for PBXNativeTarget "RecipleaseTests" */;
			buildPhases = (
				9E2C9A88A231F52FDE59443A /* [CP] Check Pods Manifest.lock */,
				ACD31F0123435A700053EFEC /* Sources */,
				ACD31F0223435A700053EFEC /* Frameworks */,
				ACD31F0323435A700053EFEC /* Resources */,
			);
			buildRules = (
			);
			dependencies = (
				ACD31F0723435A700053EFEC /* PBXTargetDependency */,
			);
			name = RecipleaseTests;
			productName = RecipleaseTests;
			productReference = ACD31F0523435A700053EFEC /* RecipleaseTests.xctest */;
			productType = "com.apple.product-type.bundle.unit-test";
		};
/* End PBXNativeTarget section */

/* Begin PBXProject section */
		ACD31EE423435A6D0053EFEC /* Project object */ = {
			isa = PBXProject;
			attributes = {
				LastSwiftUpdateCheck = 1100;
				LastUpgradeCheck = 1100;
				ORGANIZATIONNAME = "Alexandre Quiblier";
				TargetAttributes = {
					ACD31EEB23435A6D0053EFEC = {
						CreatedOnToolsVersion = 11.0;
					};
					ACD31F0423435A700053EFEC = {
						CreatedOnToolsVersion = 11.0;
						TestTargetID = ACD31EEB23435A6D0053EFEC;
					};
				};
			};
			buildConfigurationList = ACD31EE723435A6D0053EFEC /* Build configuration list for PBXProject "Reciplease" */;
			compatibilityVersion = "Xcode 9.3";
			developmentRegion = en;
			hasScannedForEncodings = 0;
			knownRegions = (
				en,
				Base,
			);
			mainGroup = ACD31EE323435A6D0053EFEC;
			productRefGroup = ACD31EED23435A6D0053EFEC /* Products */;
			projectDirPath = "";
			projectRoot = "";
			targets = (
				ACD31EEB23435A6D0053EFEC /* Reciplease */,
				ACD31F0423435A700053EFEC /* RecipleaseTests */,
			);
		};
/* End PBXProject section */

/* Begin PBXResourcesBuildPhase section */
		ACD31EEA23435A6D0053EFEC /* Resources */ = {
			isa = PBXResourcesBuildPhase;
			buildActionMask = 2147483647;
			files = (
				ACD31EFF23435A6F0053EFEC /* LaunchScreen.storyboard in Resources */,
				ACD31EFC23435A6F0053EFEC /* Assets.xcassets in Resources */,
				ACD31EF723435A6D0053EFEC /* Main.storyboard in Resources */,
			);
			runOnlyForDeploymentPostprocessing = 0;
		};
		ACD31F0323435A700053EFEC /* Resources */ = {
			isa = PBXResourcesBuildPhase;
			buildActionMask = 2147483647;
			files = (
			);
			runOnlyForDeploymentPostprocessing = 0;
		};
/* End PBXResourcesBuildPhase section */

/* Begin PBXShellScriptBuildPhase section */
		72850152985A035B093B2958 /* [CP] Check Pods Manifest.lock */ = {
			isa = PBXShellScriptBuildPhase;
			buildActionMask = 2147483647;
			files = (
			);
			inputFileListPaths = (
			);
			inputPaths = (
				"${PODS_PODFILE_DIR_PATH}/Podfile.lock",
				"${PODS_ROOT}/Manifest.lock",
			);
			name = "[CP] Check Pods Manifest.lock";
			outputFileListPaths = (
			);
			outputPaths = (
				"$(DERIVED_FILE_DIR)/Pods-Reciplease-checkManifestLockResult.txt",
			);
			runOnlyForDeploymentPostprocessing = 0;
			shellPath = /bin/sh;
			shellScript = "diff \"${PODS_PODFILE_DIR_PATH}/Podfile.lock\" \"${PODS_ROOT}/Manifest.lock\" > /dev/null\nif [ $? != 0 ] ; then\n    # print error to STDERR\n    echo \"error: The sandbox is not in sync with the Podfile.lock. Run 'pod install' or update your CocoaPods installation.\" >&2\n    exit 1\nfi\n# This output is used by Xcode 'outputs' to avoid re-running this script phase.\necho \"SUCCESS\" > \"${SCRIPT_OUTPUT_FILE_0}\"\n";
			showEnvVarsInLog = 0;
		};
		9E2C9A88A231F52FDE59443A /* [CP] Check Pods Manifest.lock */ = {
			isa = PBXShellScriptBuildPhase;
			buildActionMask = 2147483647;
			files = (
			);
			inputFileListPaths = (
			);
			inputPaths = (
				"${PODS_PODFILE_DIR_PATH}/Podfile.lock",
				"${PODS_ROOT}/Manifest.lock",
			);
			name = "[CP] Check Pods Manifest.lock";
			outputFileListPaths = (
			);
			outputPaths = (
				"$(DERIVED_FILE_DIR)/Pods-RecipleaseTests-checkManifestLockResult.txt",
			);
			runOnlyForDeploymentPostprocessing = 0;
			shellPath = /bin/sh;
			shellScript = "diff \"${PODS_PODFILE_DIR_PATH}/Podfile.lock\" \"${PODS_ROOT}/Manifest.lock\" > /dev/null\nif [ $? != 0 ] ; then\n    # print error to STDERR\n    echo \"error: The sandbox is not in sync with the Podfile.lock. Run 'pod install' or update your CocoaPods installation.\" >&2\n    exit 1\nfi\n# This output is used by Xcode 'outputs' to avoid re-running this script phase.\necho \"SUCCESS\" > \"${SCRIPT_OUTPUT_FILE_0}\"\n";
			showEnvVarsInLog = 0;
		};
/* End PBXShellScriptBuildPhase section */

/* Begin PBXSourcesBuildPhase section */
		ACD31EE823435A6D0053EFEC /* Sources */ = {
			isa = PBXSourcesBuildPhase;
			buildActionMask = 2147483647;
			files = (
				AC981DD0234CFF8B007399BE /* ListingDataSource.swift in Sources */,
				AC981DD4234D0127007399BE /* SearchTableViewCell.swift in Sources */,
				AC18B6EB2369DE95003002B9 /* URLRequestBuilder.swift in Sources */,
				AC18B6E72369DE51003002B9 /* HTTPResponse.swift in Sources */,
				AC18B6E32369DDC9003002B9 /* RequestCancelationToken.swift in Sources */,
				ACD31F23234369220053EFEC /* SearchViewModel.swift in Sources */,
				AC4C7FA5236836CF00F7CC89 /* Context.swift in Sources */,
				AC981DCE234CF735007399BE /* RecipeDataSource.swift in Sources */,
				ACC3CA64234D08D700DE7ACC /* ListingRepository.swift in Sources */,
				ACD31F212343685C0053EFEC /* SearchViewController.swift in Sources */,
				ACD31F1C23435FA10053EFEC /* FavoriteCoordinator.swift in Sources */,
				AC18B6DE2369DD69003002B9 /* HTTPEngine.swift in Sources */,
				AC18B6E12369DD9D003002B9 /* URLSessionEngine.swift in Sources */,
				AC23C8F523438F4B004939F6 /* Alert.swift in Sources */,
				AC18B6FF236AFED8003002B9 /* FavoriteRecipe+CoreDataClass.swift in Sources */,
				AC981DC8234CF4B7007399BE /* ListingViewModel.swift in Sources */,
				AC18B6E52369DE33003002B9 /* HTTPClient.swift in Sources */,
				AC981DD7234D0615007399BE /* RecipeTableViewCell.swift in Sources */,
				ACD31F1523435E330053EFEC /* AppCoordinator.swift in Sources */,
				ACFE68862359C8E100F89BF4 /* ImageProvider.swift in Sources */,
				AC981DC5234CF42F007399BE /* ListingViewController.swift in Sources */,
				ACD31EF023435A6D0053EFEC /* AppDelegate.swift in Sources */,
				AC18B6F12369DEEB003002B9 /* Promise.swift in Sources */,
				ACD31F1723435F220053EFEC /* TabCoordinator.swift in Sources */,
				ACFE68832359BE1E00F89BF4 /* ImageRepository.swift in Sources */,
				ACD31F1F234360A00053EFEC /* Screens.swift in Sources */,
				AC18B6EF2369DED6003002B9 /* Endpoint.swift in Sources */,
				AC981DDA234D07EC007399BE /* ListingTableViewCell.swift in Sources */,
				ACF4273A234F560C009A92FC /* RecipeResponse.swift in Sources */,
				ACD31EF223435A6D0053EFEC /* SceneDelegate.swift in Sources */,
				ACD31F27234378E80053EFEC /* RecipeViewController.swift in Sources */,
				AC981DD2234D0108007399BE /* SearchDataSource.swift in Sources */,
				ACD31F1923435F840053EFEC /* SearchCoordinator.swift in Sources */,
				ACD31F292343794A0053EFEC /* RecipeViewModel.swift in Sources */,
				AC18B6DC2369DCF2003002B9 /* ExecutableRequest.swift in Sources */,
				AC18B6E92369DE6C003002B9 /* HTTPRequest.swift in Sources */,
				AC18B6ED2369DEBB003002B9 /* ExecutableDownloadRequest.swift in Sources */,
				AC0A6F3D235F5E8700C9B026 /* Model.xcdatamodeld in Sources */,
				AC18B6D82369DCAC003002B9 /* JSONBodyEncoder.swift in Sources */,
			);
			runOnlyForDeploymentPostprocessing = 0;
		};
		ACD31F0123435A700053EFEC /* Sources */ = {
			isa = PBXSourcesBuildPhase;
			buildActionMask = 2147483647;
			files = (
				ACD31F0A23435A700053EFEC /* RecipleaseTests.swift in Sources */,
			);
			runOnlyForDeploymentPostprocessing = 0;
		};
/* End PBXSourcesBuildPhase section */

/* Begin PBXTargetDependency section */
		ACD31F0723435A700053EFEC /* PBXTargetDependency */ = {
			isa = PBXTargetDependency;
			target = ACD31EEB23435A6D0053EFEC /* Reciplease */;
			targetProxy = ACD31F0623435A700053EFEC /* PBXContainerItemProxy */;
		};
/* End PBXTargetDependency section */

/* Begin PBXVariantGroup section */
		ACD31EF523435A6D0053EFEC /* Main.storyboard */ = {
			isa = PBXVariantGroup;
			children = (
				ACD31EF623435A6D0053EFEC /* Base */,
			);
			name = Main.storyboard;
			sourceTree = "<group>";
		};
		ACD31EFD23435A6F0053EFEC /* LaunchScreen.storyboard */ = {
			isa = PBXVariantGroup;
			children = (
				ACD31EFE23435A6F0053EFEC /* Base */,
			);
			name = LaunchScreen.storyboard;
			sourceTree = "<group>";
		};
/* End PBXVariantGroup section */

/* Begin XCBuildConfiguration section */
		ACD31F0C23435A700053EFEC /* Debug */ = {
			isa = XCBuildConfiguration;
			buildSettings = {
				ALWAYS_SEARCH_USER_PATHS = NO;
				CLANG_ANALYZER_NONNULL = YES;
				CLANG_ANALYZER_NUMBER_OBJECT_CONVERSION = YES_AGGRESSIVE;
				CLANG_CXX_LANGUAGE_STANDARD = "gnu++14";
				CLANG_CXX_LIBRARY = "libc++";
				CLANG_ENABLE_MODULES = YES;
				CLANG_ENABLE_OBJC_ARC = YES;
				CLANG_ENABLE_OBJC_WEAK = YES;
				CLANG_WARN_BLOCK_CAPTURE_AUTORELEASING = YES;
				CLANG_WARN_BOOL_CONVERSION = YES;
				CLANG_WARN_COMMA = YES;
				CLANG_WARN_CONSTANT_CONVERSION = YES;
				CLANG_WARN_DEPRECATED_OBJC_IMPLEMENTATIONS = YES;
				CLANG_WARN_DIRECT_OBJC_ISA_USAGE = YES_ERROR;
				CLANG_WARN_DOCUMENTATION_COMMENTS = YES;
				CLANG_WARN_EMPTY_BODY = YES;
				CLANG_WARN_ENUM_CONVERSION = YES;
				CLANG_WARN_INFINITE_RECURSION = YES;
				CLANG_WARN_INT_CONVERSION = YES;
				CLANG_WARN_NON_LITERAL_NULL_CONVERSION = YES;
				CLANG_WARN_OBJC_IMPLICIT_RETAIN_SELF = YES;
				CLANG_WARN_OBJC_LITERAL_CONVERSION = YES;
				CLANG_WARN_OBJC_ROOT_CLASS = YES_ERROR;
				CLANG_WARN_RANGE_LOOP_ANALYSIS = YES;
				CLANG_WARN_STRICT_PROTOTYPES = YES;
				CLANG_WARN_SUSPICIOUS_MOVE = YES;
				CLANG_WARN_UNGUARDED_AVAILABILITY = YES_AGGRESSIVE;
				CLANG_WARN_UNREACHABLE_CODE = YES;
				CLANG_WARN__DUPLICATE_METHOD_MATCH = YES;
				COPY_PHASE_STRIP = NO;
				DEBUG_INFORMATION_FORMAT = dwarf;
				ENABLE_STRICT_OBJC_MSGSEND = YES;
				ENABLE_TESTABILITY = YES;
				GCC_C_LANGUAGE_STANDARD = gnu11;
				GCC_DYNAMIC_NO_PIC = NO;
				GCC_NO_COMMON_BLOCKS = YES;
				GCC_OPTIMIZATION_LEVEL = 0;
				GCC_PREPROCESSOR_DEFINITIONS = (
					"DEBUG=1",
					"$(inherited)",
				);
				GCC_WARN_64_TO_32_BIT_CONVERSION = YES;
				GCC_WARN_ABOUT_RETURN_TYPE = YES_ERROR;
				GCC_WARN_UNDECLARED_SELECTOR = YES;
				GCC_WARN_UNINITIALIZED_AUTOS = YES_AGGRESSIVE;
				GCC_WARN_UNUSED_FUNCTION = YES;
				GCC_WARN_UNUSED_VARIABLE = YES;
				IPHONEOS_DEPLOYMENT_TARGET = 13.0;
				MTL_ENABLE_DEBUG_INFO = INCLUDE_SOURCE;
				MTL_FAST_MATH = YES;
				ONLY_ACTIVE_ARCH = YES;
				SDKROOT = iphoneos;
				SWIFT_ACTIVE_COMPILATION_CONDITIONS = DEBUG;
				SWIFT_OPTIMIZATION_LEVEL = "-Onone";
			};
			name = Debug;
		};
		ACD31F0D23435A700053EFEC /* Release */ = {
			isa = XCBuildConfiguration;
			buildSettings = {
				ALWAYS_SEARCH_USER_PATHS = NO;
				CLANG_ANALYZER_NONNULL = YES;
				CLANG_ANALYZER_NUMBER_OBJECT_CONVERSION = YES_AGGRESSIVE;
				CLANG_CXX_LANGUAGE_STANDARD = "gnu++14";
				CLANG_CXX_LIBRARY = "libc++";
				CLANG_ENABLE_MODULES = YES;
				CLANG_ENABLE_OBJC_ARC = YES;
				CLANG_ENABLE_OBJC_WEAK = YES;
				CLANG_WARN_BLOCK_CAPTURE_AUTORELEASING = YES;
				CLANG_WARN_BOOL_CONVERSION = YES;
				CLANG_WARN_COMMA = YES;
				CLANG_WARN_CONSTANT_CONVERSION = YES;
				CLANG_WARN_DEPRECATED_OBJC_IMPLEMENTATIONS = YES;
				CLANG_WARN_DIRECT_OBJC_ISA_USAGE = YES_ERROR;
				CLANG_WARN_DOCUMENTATION_COMMENTS = YES;
				CLANG_WARN_EMPTY_BODY = YES;
				CLANG_WARN_ENUM_CONVERSION = YES;
				CLANG_WARN_INFINITE_RECURSION = YES;
				CLANG_WARN_INT_CONVERSION = YES;
				CLANG_WARN_NON_LITERAL_NULL_CONVERSION = YES;
				CLANG_WARN_OBJC_IMPLICIT_RETAIN_SELF = YES;
				CLANG_WARN_OBJC_LITERAL_CONVERSION = YES;
				CLANG_WARN_OBJC_ROOT_CLASS = YES_ERROR;
				CLANG_WARN_RANGE_LOOP_ANALYSIS = YES;
				CLANG_WARN_STRICT_PROTOTYPES = YES;
				CLANG_WARN_SUSPICIOUS_MOVE = YES;
				CLANG_WARN_UNGUARDED_AVAILABILITY = YES_AGGRESSIVE;
				CLANG_WARN_UNREACHABLE_CODE = YES;
				CLANG_WARN__DUPLICATE_METHOD_MATCH = YES;
				COPY_PHASE_STRIP = NO;
				DEBUG_INFORMATION_FORMAT = "dwarf-with-dsym";
				ENABLE_NS_ASSERTIONS = NO;
				ENABLE_STRICT_OBJC_MSGSEND = YES;
				GCC_C_LANGUAGE_STANDARD = gnu11;
				GCC_NO_COMMON_BLOCKS = YES;
				GCC_WARN_64_TO_32_BIT_CONVERSION = YES;
				GCC_WARN_ABOUT_RETURN_TYPE = YES_ERROR;
				GCC_WARN_UNDECLARED_SELECTOR = YES;
				GCC_WARN_UNINITIALIZED_AUTOS = YES_AGGRESSIVE;
				GCC_WARN_UNUSED_FUNCTION = YES;
				GCC_WARN_UNUSED_VARIABLE = YES;
				IPHONEOS_DEPLOYMENT_TARGET = 13.0;
				MTL_ENABLE_DEBUG_INFO = NO;
				MTL_FAST_MATH = YES;
				SDKROOT = iphoneos;
				SWIFT_COMPILATION_MODE = wholemodule;
				SWIFT_OPTIMIZATION_LEVEL = "-O";
				VALIDATE_PRODUCT = YES;
			};
			name = Release;
		};
		ACD31F0F23435A700053EFEC /* Debug */ = {
			isa = XCBuildConfiguration;
			baseConfigurationReference = E27F0B6DF164B8CB23695363 /* Pods-Reciplease.debug.xcconfig */;
			buildSettings = {
				ASSETCATALOG_COMPILER_APPICON_NAME = AppIcon;
				CODE_SIGN_STYLE = Automatic;
				DEVELOPMENT_TEAM = B3ZXCXJK7A;
				INFOPLIST_FILE = Reciplease/Info.plist;
				LD_RUNPATH_SEARCH_PATHS = (
					"$(inherited)",
					"@executable_path/Frameworks",
				);
				PRODUCT_BUNDLE_IDENTIFIER = Cublax.Reciplease;
				PRODUCT_NAME = "$(TARGET_NAME)";
				SWIFT_VERSION = 5.0;
				TARGETED_DEVICE_FAMILY = "1,2";
			};
			name = Debug;
		};
		ACD31F1023435A700053EFEC /* Release */ = {
			isa = XCBuildConfiguration;
			baseConfigurationReference = E2FE9B389D3C84AA14E14B28 /* Pods-Reciplease.release.xcconfig */;
			buildSettings = {
				ASSETCATALOG_COMPILER_APPICON_NAME = AppIcon;
				CODE_SIGN_STYLE = Automatic;
				DEVELOPMENT_TEAM = B3ZXCXJK7A;
				INFOPLIST_FILE = Reciplease/Info.plist;
				LD_RUNPATH_SEARCH_PATHS = (
					"$(inherited)",
					"@executable_path/Frameworks",
				);
				PRODUCT_BUNDLE_IDENTIFIER = Cublax.Reciplease;
				PRODUCT_NAME = "$(TARGET_NAME)";
				SWIFT_VERSION = 5.0;
				TARGETED_DEVICE_FAMILY = "1,2";
			};
			name = Release;
		};
		ACD31F1223435A700053EFEC /* Debug */ = {
			isa = XCBuildConfiguration;
			baseConfigurationReference = D6FEA6CE1E31FC103E22A33A /* Pods-RecipleaseTests.debug.xcconfig */;
			buildSettings = {
				ALWAYS_EMBED_SWIFT_STANDARD_LIBRARIES = YES;
				BUNDLE_LOADER = "$(TEST_HOST)";
				CODE_SIGN_STYLE = Automatic;
				DEVELOPMENT_TEAM = B3ZXCXJK7A;
				INFOPLIST_FILE = RecipleaseTests/Info.plist;
				IPHONEOS_DEPLOYMENT_TARGET = 13.0;
				LD_RUNPATH_SEARCH_PATHS = (
					"$(inherited)",
					"@executable_path/Frameworks",
					"@loader_path/Frameworks",
				);
				PRODUCT_BUNDLE_IDENTIFIER = Cublax.RecipleaseTests;
				PRODUCT_NAME = "$(TARGET_NAME)";
				SWIFT_VERSION = 5.0;
				TARGETED_DEVICE_FAMILY = "1,2";
				TEST_HOST = "$(BUILT_PRODUCTS_DIR)/Reciplease.app/Reciplease";
			};
			name = Debug;
		};
		ACD31F1323435A700053EFEC /* Release */ = {
			isa = XCBuildConfiguration;
			baseConfigurationReference = 87C5B580F14EBEC02F03C560 /* Pods-RecipleaseTests.release.xcconfig */;
			buildSettings = {
				ALWAYS_EMBED_SWIFT_STANDARD_LIBRARIES = YES;
				BUNDLE_LOADER = "$(TEST_HOST)";
				CODE_SIGN_STYLE = Automatic;
				DEVELOPMENT_TEAM = B3ZXCXJK7A;
				INFOPLIST_FILE = RecipleaseTests/Info.plist;
				IPHONEOS_DEPLOYMENT_TARGET = 13.0;
				LD_RUNPATH_SEARCH_PATHS = (
					"$(inherited)",
					"@executable_path/Frameworks",
					"@loader_path/Frameworks",
				);
				PRODUCT_BUNDLE_IDENTIFIER = Cublax.RecipleaseTests;
				PRODUCT_NAME = "$(TARGET_NAME)";
				SWIFT_VERSION = 5.0;
				TARGETED_DEVICE_FAMILY = "1,2";
				TEST_HOST = "$(BUILT_PRODUCTS_DIR)/Reciplease.app/Reciplease";
			};
			name = Release;
		};
/* End XCBuildConfiguration section */

/* Begin XCConfigurationList section */
		ACD31EE723435A6D0053EFEC /* Build configuration list for PBXProject "Reciplease" */ = {
			isa = XCConfigurationList;
			buildConfigurations = (
				ACD31F0C23435A700053EFEC /* Debug */,
				ACD31F0D23435A700053EFEC /* Release */,
			);
			defaultConfigurationIsVisible = 0;
			defaultConfigurationName = Release;
		};
		ACD31F0E23435A700053EFEC /* Build configuration list for PBXNativeTarget "Reciplease" */ = {
			isa = XCConfigurationList;
			buildConfigurations = (
				ACD31F0F23435A700053EFEC /* Debug */,
				ACD31F1023435A700053EFEC /* Release */,
			);
			defaultConfigurationIsVisible = 0;
			defaultConfigurationName = Release;
		};
		ACD31F1123435A700053EFEC /* Build configuration list for PBXNativeTarget "RecipleaseTests" */ = {
			isa = XCConfigurationList;
			buildConfigurations = (
				ACD31F1223435A700053EFEC /* Debug */,
				ACD31F1323435A700053EFEC /* Release */,
			);
			defaultConfigurationIsVisible = 0;
			defaultConfigurationName = Release;
		};
/* End XCConfigurationList section */

/* Begin XCVersionGroup section */
		AC0A6F3B235F5E8700C9B026 /* Model.xcdatamodeld */ = {
			isa = XCVersionGroup;
			children = (
				AC0A6F3C235F5E8700C9B026 /* Model.xcdatamodel */,
			);
			currentVersion = AC0A6F3C235F5E8700C9B026 /* Model.xcdatamodel */;
			path = Model.xcdatamodeld;
			sourceTree = "<group>";
			versionGroupType = wrapper.xcdatamodel;
		};
/* End XCVersionGroup section */
	};
	rootObject = ACD31EE423435A6D0053EFEC /* Project object */;
}
